{
  "name": "intro-to-npm",
  "version": "1.0.0",
  "lockfileVersion": 1,
  "requires": true,
  "dependencies": {
    "readline-sync": {
      "version": "1.4.9",
      "resolved": "https://registry.npmjs.org/readline-sync/-/readline-sync-1.4.9.tgz",
      "integrity": "sha1-PtqOZfI80qF+YTAbHwADOWr17No="
    },
    "uppercase-keys": {
      "version": "1.1.1",
      "resolved": "https://registry.npmjs.org/uppercase-keys/-/uppercase-keys-1.1.1.tgz",
      "integrity": "sha1-csy6Qvkde324ZdOJ4Vk8eKTlDzQ="
    }
  }
}
